
Microsoft Visual Studio Solution File, Format Version 12.00
# Visual Studio Version 17
VisualStudioVersion = 17.5.33627.172
MinimumVisualStudioVersion = 10.0.40219.1
Project("{9A19103F-16F7-4668-BE54-9A1E7A4F7556}") = "TestStringResource", "TestStringResource\TestStringResource.csproj", "{F9F3F7A8-C8DC-4AE1-836D-CF272ADF86BD}"
EndProject
Project("{9A19103F-16F7-4668-BE54-9A1E7A4F7556}") = "TestStringResourceApp", "TestStringResourceApp\TestStringResourceApp.csproj", "{13CD4496-AC32-465A-BC57-DE201E393551}"
EndProject
Project("{9A19103F-16F7-4668-BE54-9A1E7A4F7556}") = "TestStringResourceStandard", "TestStringResourceStandard\TestStringResourceStandard.csproj", "{266220A8-0A70-4E67-AECE-3612BF42759B}"
EndProject
Project("{9A19103F-16F7-4668-BE54-9A1E7A4F7556}") = "TestStringResourceStandardApp", "TestStringResourceStandardApp\TestStringResourceStandardApp.csproj", "{9075AE7D-AC25-4C71-941B-B9AEAF0252BD}"
EndProject
Project("{FAE04EC0-301F-11D3-BF4B-00C04F79EFBC}") = "TestStringResourceUWPApp", "TestStringResourceUWPApp\TestStringResourceUWPApp.csproj", "{7A8F6BE6-2786-42F6-B744-A15242234176}"
EndProject
Project("{2150E333-8FDC-42A3-9474-1A3956D46DE8}") = "Solution Items", "Solution Items", "{BDC4BD7B-E951-4288-8CB9-676AFF36FB70}"
	ProjectSection(SolutionItems) = preProject
		readme.md = readme.md
	EndProjectSection
EndProject
Project("{FAE04EC0-301F-11D3-BF4B-00C04F79EFBC}") = "TestStringResourceWinUI", "TestStringResourceWinUI\TestStringResourceWinUI.csproj", "{A9692E11-A2B0-4503-A573-3D5B1C46BF32}"
EndProject
Project("{FAE04EC0-301F-11D3-BF4B-00C04F79EFBC}") = "TestStringResourceWinUIApp", "TestStringResourceWinUIApp\TestStringResourceWinUIApp.csproj", "{7EA72B92-B4BA-4A45-91E2-9D47B784431B}"
EndProject
Global
	GlobalSection(SolutionConfigurationPlatforms) = preSolution
		Debug|Any CPU = Debug|Any CPU
		Debug|ARM = Debug|ARM
		Debug|ARM64 = Debug|ARM64
		Debug|x64 = Debug|x64
		Debug|x86 = Debug|x86
		Release|Any CPU = Release|Any CPU
		Release|ARM = Release|ARM
		Release|ARM64 = Release|ARM64
		Release|x64 = Release|x64
		Release|x86 = Release|x86
	EndGlobalSection
	GlobalSection(ProjectConfigurationPlatforms) = postSolution
		{F9F3F7A8-C8DC-4AE1-836D-CF272ADF86BD}.Debug|Any CPU.ActiveCfg = Debug|Any CPU
		{F9F3F7A8-C8DC-4AE1-836D-CF272ADF86BD}.Debug|Any CPU.Build.0 = Debug|Any CPU
		{F9F3F7A8-C8DC-4AE1-836D-CF272ADF86BD}.Debug|ARM.ActiveCfg = Debug|Any CPU
		{F9F3F7A8-C8DC-4AE1-836D-CF272ADF86BD}.Debug|ARM.Build.0 = Debug|Any CPU
		{F9F3F7A8-C8DC-4AE1-836D-CF272ADF86BD}.Debug|ARM64.ActiveCfg = Debug|Any CPU
		{F9F3F7A8-C8DC-4AE1-836D-CF272ADF86BD}.Debug|ARM64.Build.0 = Debug|Any CPU
		{F9F3F7A8-C8DC-4AE1-836D-CF272ADF86BD}.Debug|x64.ActiveCfg = Debug|Any CPU
		{F9F3F7A8-C8DC-4AE1-836D-CF272ADF86BD}.Debug|x64.Build.0 = Debug|Any CPU
		{F9F3F7A8-C8DC-4AE1-836D-CF272ADF86BD}.Debug|x86.ActiveCfg = Debug|Any CPU
		{F9F3F7A8-C8DC-4AE1-836D-CF272ADF86BD}.Debug|x86.Build.0 = Debug|Any CPU
		{F9F3F7A8-C8DC-4AE1-836D-CF272ADF86BD}.Release|Any CPU.ActiveCfg = Release|Any CPU
		{F9F3F7A8-C8DC-4AE1-836D-CF272ADF86BD}.Release|Any CPU.Build.0 = Release|Any CPU
		{F9F3F7A8-C8DC-4AE1-836D-CF272ADF86BD}.Release|ARM.ActiveCfg = Release|Any CPU
		{F9F3F7A8-C8DC-4AE1-836D-CF272ADF86BD}.Release|ARM.Build.0 = Release|Any CPU
		{F9F3F7A8-C8DC-4AE1-836D-CF272ADF86BD}.Release|ARM64.ActiveCfg = Release|Any CPU
		{F9F3F7A8-C8DC-4AE1-836D-CF272ADF86BD}.Release|ARM64.Build.0 = Release|Any CPU
		{F9F3F7A8-C8DC-4AE1-836D-CF272ADF86BD}.Release|x64.ActiveCfg = Release|Any CPU
		{F9F3F7A8-C8DC-4AE1-836D-CF272ADF86BD}.Release|x64.Build.0 = Release|Any CPU
		{F9F3F7A8-C8DC-4AE1-836D-CF272ADF86BD}.Release|x86.ActiveCfg = Release|Any CPU
		{F9F3F7A8-C8DC-4AE1-836D-CF272ADF86BD}.Release|x86.Build.0 = Release|Any CPU
		{13CD4496-AC32-465A-BC57-DE201E393551}.Debug|Any CPU.ActiveCfg = Debug|Any CPU
		{13CD4496-AC32-465A-BC57-DE201E393551}.Debug|Any CPU.Build.0 = Debug|Any CPU
		{13CD4496-AC32-465A-BC57-DE201E393551}.Debug|ARM.ActiveCfg = Debug|Any CPU
		{13CD4496-AC32-465A-BC57-DE201E393551}.Debug|ARM.Build.0 = Debug|Any CPU
		{13CD4496-AC32-465A-BC57-DE201E393551}.Debug|ARM64.ActiveCfg = Debug|Any CPU
		{13CD4496-AC32-465A-BC57-DE201E393551}.Debug|ARM64.Build.0 = Debug|Any CPU
		{13CD4496-AC32-465A-BC57-DE201E393551}.Debug|x64.ActiveCfg = Debug|Any CPU
		{13CD4496-AC32-465A-BC57-DE201E393551}.Debug|x64.Build.0 = Debug|Any CPU
		{13CD4496-AC32-465A-BC57-DE201E393551}.Debug|x86.ActiveCfg = Debug|Any CPU
		{13CD4496-AC32-465A-BC57-DE201E393551}.Debug|x86.Build.0 = Debug|Any CPU
		{13CD4496-AC32-465A-BC57-DE201E393551}.Release|Any CPU.ActiveCfg = Release|Any CPU
		{13CD4496-AC32-465A-BC57-DE201E393551}.Release|Any CPU.Build.0 = Release|Any CPU
		{13CD4496-AC32-465A-BC57-DE201E393551}.Release|ARM.ActiveCfg = Release|Any CPU
		{13CD4496-AC32-465A-BC57-DE201E393551}.Release|ARM.Build.0 = Release|Any CPU
		{13CD4496-AC32-465A-BC57-DE201E393551}.Release|ARM64.ActiveCfg = Release|Any CPU
		{13CD4496-AC32-465A-BC57-DE201E393551}.Release|ARM64.Build.0 = Release|Any CPU
		{13CD4496-AC32-465A-BC57-DE201E393551}.Release|x64.ActiveCfg = Release|Any CPU
		{13CD4496-AC32-465A-BC57-DE201E393551}.Release|x64.Build.0 = Release|Any CPU
		{13CD4496-AC32-465A-BC57-DE201E393551}.Release|x86.ActiveCfg = Release|Any CPU
		{13CD4496-AC32-465A-BC57-DE201E393551}.Release|x86.Build.0 = Release|Any CPU
		{266220A8-0A70-4E67-AECE-3612BF42759B}.Debug|Any CPU.ActiveCfg = Debug|Any CPU
		{266220A8-0A70-4E67-AECE-3612BF42759B}.Debug|Any CPU.Build.0 = Debug|Any CPU
		{266220A8-0A70-4E67-AECE-3612BF42759B}.Debug|ARM.ActiveCfg = Debug|Any CPU
		{266220A8-0A70-4E67-AECE-3612BF42759B}.Debug|ARM.Build.0 = Debug|Any CPU
		{266220A8-0A70-4E67-AECE-3612BF42759B}.Debug|ARM64.ActiveCfg = Debug|Any CPU
		{266220A8-0A70-4E67-AECE-3612BF42759B}.Debug|ARM64.Build.0 = Debug|Any CPU
		{266220A8-0A70-4E67-AECE-3612BF42759B}.Debug|x64.ActiveCfg = Debug|Any CPU
		{266220A8-0A70-4E67-AECE-3612BF42759B}.Debug|x64.Build.0 = Debug|Any CPU
		{266220A8-0A70-4E67-AECE-3612BF42759B}.Debug|x86.ActiveCfg = Debug|Any CPU
		{266220A8-0A70-4E67-AECE-3612BF42759B}.Debug|x86.Build.0 = Debug|Any CPU
		{266220A8-0A70-4E67-AECE-3612BF42759B}.Release|Any CPU.ActiveCfg = Release|Any CPU
		{266220A8-0A70-4E67-AECE-3612BF42759B}.Release|Any CPU.Build.0 = Release|Any CPU
		{266220A8-0A70-4E67-AECE-3612BF42759B}.Release|ARM.ActiveCfg = Release|Any CPU
		{266220A8-0A70-4E67-AECE-3612BF42759B}.Release|ARM.Build.0 = Release|Any CPU
		{266220A8-0A70-4E67-AECE-3612BF42759B}.Release|ARM64.ActiveCfg = Release|Any CPU
		{266220A8-0A70-4E67-AECE-3612BF42759B}.Release|ARM64.Build.0 = Release|Any CPU
		{266220A8-0A70-4E67-AECE-3612BF42759B}.Release|x64.ActiveCfg = Release|Any CPU
		{266220A8-0A70-4E67-AECE-3612BF42759B}.Release|x64.Build.0 = Release|Any CPU
		{266220A8-0A70-4E67-AECE-3612BF42759B}.Release|x86.ActiveCfg = Release|Any CPU
		{266220A8-0A70-4E67-AECE-3612BF42759B}.Release|x86.Build.0 = Release|Any CPU
		{9075AE7D-AC25-4C71-941B-B9AEAF0252BD}.Debug|Any CPU.ActiveCfg = Debug|Any CPU
		{9075AE7D-AC25-4C71-941B-B9AEAF0252BD}.Debug|Any CPU.Build.0 = Debug|Any CPU
		{9075AE7D-AC25-4C71-941B-B9AEAF0252BD}.Debug|ARM.ActiveCfg = Debug|Any CPU
		{9075AE7D-AC25-4C71-941B-B9AEAF0252BD}.Debug|ARM.Build.0 = Debug|Any CPU
		{9075AE7D-AC25-4C71-941B-B9AEAF0252BD}.Debug|ARM64.ActiveCfg = Debug|Any CPU
		{9075AE7D-AC25-4C71-941B-B9AEAF0252BD}.Debug|ARM64.Build.0 = Debug|Any CPU
		{9075AE7D-AC25-4C71-941B-B9AEAF0252BD}.Debug|x64.ActiveCfg = Debug|Any CPU
		{9075AE7D-AC25-4C71-941B-B9AEAF0252BD}.Debug|x64.Build.0 = Debug|Any CPU
		{9075AE7D-AC25-4C71-941B-B9AEAF0252BD}.Debug|x86.ActiveCfg = Debug|Any CPU
		{9075AE7D-AC25-4C71-941B-B9AEAF0252BD}.Debug|x86.Build.0 = Debug|Any CPU
		{9075AE7D-AC25-4C71-941B-B9AEAF0252BD}.Release|Any CPU.ActiveCfg = Release|Any CPU
		{9075AE7D-AC25-4C71-941B-B9AEAF0252BD}.Release|Any CPU.Build.0 = Release|Any CPU
		{9075AE7D-AC25-4C71-941B-B9AEAF0252BD}.Release|ARM.ActiveCfg = Release|Any CPU
		{9075AE7D-AC25-4C71-941B-B9AEAF0252BD}.Release|ARM.Build.0 = Release|Any CPU
		{9075AE7D-AC25-4C71-941B-B9AEAF0252BD}.Release|ARM64.ActiveCfg = Release|Any CPU
		{9075AE7D-AC25-4C71-941B-B9AEAF0252BD}.Release|ARM64.Build.0 = Release|Any CPU
		{9075AE7D-AC25-4C71-941B-B9AEAF0252BD}.Release|x64.ActiveCfg = Release|Any CPU
		{9075AE7D-AC25-4C71-941B-B9AEAF0252BD}.Release|x64.Build.0 = Release|Any CPU
		{9075AE7D-AC25-4C71-941B-B9AEAF0252BD}.Release|x86.ActiveCfg = Release|Any CPU
		{9075AE7D-AC25-4C71-941B-B9AEAF0252BD}.Release|x86.Build.0 = Release|Any CPU
		{7A8F6BE6-2786-42F6-B744-A15242234176}.Debug|Any CPU.ActiveCfg = Debug|x64
		{7A8F6BE6-2786-42F6-B744-A15242234176}.Debug|Any CPU.Build.0 = Debug|x64
		{7A8F6BE6-2786-42F6-B744-A15242234176}.Debug|Any CPU.Deploy.0 = Debug|x64
		{7A8F6BE6-2786-42F6-B744-A15242234176}.Debug|ARM.ActiveCfg = Debug|ARM
		{7A8F6BE6-2786-42F6-B744-A15242234176}.Debug|ARM.Build.0 = Debug|ARM
		{7A8F6BE6-2786-42F6-B744-A15242234176}.Debug|ARM.Deploy.0 = Debug|ARM
		{7A8F6BE6-2786-42F6-B744-A15242234176}.Debug|ARM64.ActiveCfg = Debug|ARM64
		{7A8F6BE6-2786-42F6-B744-A15242234176}.Debug|ARM64.Build.0 = Debug|ARM64
		{7A8F6BE6-2786-42F6-B744-A15242234176}.Debug|ARM64.Deploy.0 = Debug|ARM64
		{7A8F6BE6-2786-42F6-B744-A15242234176}.Debug|x64.ActiveCfg = Debug|x64
		{7A8F6BE6-2786-42F6-B744-A15242234176}.Debug|x64.Build.0 = Debug|x64
		{7A8F6BE6-2786-42F6-B744-A15242234176}.Debug|x64.Deploy.0 = Debug|x64
		{7A8F6BE6-2786-42F6-B744-A15242234176}.Debug|x86.ActiveCfg = Debug|x86
		{7A8F6BE6-2786-42F6-B744-A15242234176}.Debug|x86.Build.0 = Debug|x86
		{7A8F6BE6-2786-42F6-B744-A15242234176}.Debug|x86.Deploy.0 = Debug|x86
		{7A8F6BE6-2786-42F6-B744-A15242234176}.Release|Any CPU.ActiveCfg = Release|x64
		{7A8F6BE6-2786-42F6-B744-A15242234176}.Release|Any CPU.Build.0 = Release|x64
		{7A8F6BE6-2786-42F6-B744-A15242234176}.Release|Any CPU.Deploy.0 = Release|x64
		{7A8F6BE6-2786-42F6-B744-A15242234176}.Release|ARM.ActiveCfg = Release|ARM
		{7A8F6BE6-2786-42F6-B744-A15242234176}.Release|ARM.Build.0 = Release|ARM
		{7A8F6BE6-2786-42F6-B744-A15242234176}.Release|ARM.Deploy.0 = Release|ARM
		{7A8F6BE6-2786-42F6-B744-A15242234176}.Release|ARM64.ActiveCfg = Release|ARM64
		{7A8F6BE6-2786-42F6-B744-A15242234176}.Release|ARM64.Build.0 = Release|ARM64
		{7A8F6BE6-2786-42F6-B744-A15242234176}.Release|ARM64.Deploy.0 = Release|ARM64
		{7A8F6BE6-2786-42F6-B744-A15242234176}.Release|x64.ActiveCfg = Release|x64
		{7A8F6BE6-2786-42F6-B744-A15242234176}.Release|x64.Build.0 = Release|x64
		{7A8F6BE6-2786-42F6-B744-A15242234176}.Release|x64.Deploy.0 = Release|x64
		{7A8F6BE6-2786-42F6-B744-A15242234176}.Release|x86.ActiveCfg = Release|x86
		{7A8F6BE6-2786-42F6-B744-A15242234176}.Release|x86.Build.0 = Release|x86
		{7A8F6BE6-2786-42F6-B744-A15242234176}.Release|x86.Deploy.0 = Release|x86
		{A9692E11-A2B0-4503-A573-3D5B1C46BF32}.Debug|Any CPU.ActiveCfg = Debug|Any CPU
		{A9692E11-A2B0-4503-A573-3D5B1C46BF32}.Debug|Any CPU.Build.0 = Debug|Any CPU
		{A9692E11-A2B0-4503-A573-3D5B1C46BF32}.Debug|ARM.ActiveCfg = Debug|Any CPU
		{A9692E11-A2B0-4503-A573-3D5B1C46BF32}.Debug|ARM.Build.0 = Debug|Any CPU
		{A9692E11-A2B0-4503-A573-3D5B1C46BF32}.Debug|ARM64.ActiveCfg = Debug|Any CPU
		{A9692E11-A2B0-4503-A573-3D5B1C46BF32}.Debug|ARM64.Build.0 = Debug|Any CPU
		{A9692E11-A2B0-4503-A573-3D5B1C46BF32}.Debug|x64.ActiveCfg = Debug|Any CPU
		{A9692E11-A2B0-4503-A573-3D5B1C46BF32}.Debug|x64.Build.0 = Debug|Any CPU
		{A9692E11-A2B0-4503-A573-3D5B1C46BF32}.Debug|x86.ActiveCfg = Debug|Any CPU
		{A9692E11-A2B0-4503-A573-3D5B1C46BF32}.Debug|x86.Build.0 = Debug|Any CPU
		{A9692E11-A2B0-4503-A573-3D5B1C46BF32}.Release|Any CPU.ActiveCfg = Release|Any CPU
		{A9692E11-A2B0-4503-A573-3D5B1C46BF32}.Release|Any CPU.Build.0 = Release|Any CPU
		{A9692E11-A2B0-4503-A573-3D5B1C46BF32}.Release|ARM.ActiveCfg = Release|Any CPU
		{A9692E11-A2B0-4503-A573-3D5B1C46BF32}.Release|ARM.Build.0 = Release|Any CPU
		{A9692E11-A2B0-4503-A573-3D5B1C46BF32}.Release|ARM64.ActiveCfg = Release|Any CPU
		{A9692E11-A2B0-4503-A573-3D5B1C46BF32}.Release|ARM64.Build.0 = Release|Any CPU
		{A9692E11-A2B0-4503-A573-3D5B1C46BF32}.Release|x64.ActiveCfg = Release|Any CPU
		{A9692E11-A2B0-4503-A573-3D5B1C46BF32}.Release|x64.Build.0 = Release|Any CPU
		{A9692E11-A2B0-4503-A573-3D5B1C46BF32}.Release|x86.ActiveCfg = Release|Any CPU
		{A9692E11-A2B0-4503-A573-3D5B1C46BF32}.Release|x86.Build.0 = Release|Any CPU
		{7EA72B92-B4BA-4A45-91E2-9D47B784431B}.Debug|Any CPU.ActiveCfg = Debug|x64
		{7EA72B92-B4BA-4A45-91E2-9D47B784431B}.Debug|Any CPU.Build.0 = Debug|x64
		{7EA72B92-B4BA-4A45-91E2-9D47B784431B}.Debug|Any CPU.Deploy.0 = Debug|x64
		{7EA72B92-B4BA-4A45-91E2-9D47B784431B}.Debug|ARM.ActiveCfg = Debug|x64
		{7EA72B92-B4BA-4A45-91E2-9D47B784431B}.Debug|ARM.Build.0 = Debug|x64
		{7EA72B92-B4BA-4A45-91E2-9D47B784431B}.Debug|ARM.Deploy.0 = Debug|x64
		{7EA72B92-B4BA-4A45-91E2-9D47B784431B}.Debug|ARM64.ActiveCfg = Debug|ARM64
		{7EA72B92-B4BA-4A45-91E2-9D47B784431B}.Debug|ARM64.Build.0 = Debug|ARM64
		{7EA72B92-B4BA-4A45-91E2-9D47B784431B}.Debug|ARM64.Deploy.0 = Debug|ARM64
		{7EA72B92-B4BA-4A45-91E2-9D47B784431B}.Debug|x64.ActiveCfg = Debug|x64
		{7EA72B92-B4BA-4A45-91E2-9D47B784431B}.Debug|x64.Build.0 = Debug|x64
		{7EA72B92-B4BA-4A45-91E2-9D47B784431B}.Debug|x64.Deploy.0 = Debug|x64
		{7EA72B92-B4BA-4A45-91E2-9D47B784431B}.Debug|x86.ActiveCfg = Debug|x86
		{7EA72B92-B4BA-4A45-91E2-9D47B784431B}.Debug|x86.Build.0 = Debug|x86
		{7EA72B92-B4BA-4A45-91E2-9D47B784431B}.Debug|x86.Deploy.0 = Debug|x86
		{7EA72B92-B4BA-4A45-91E2-9D47B784431B}.Release|Any CPU.ActiveCfg = Release|x64
		{7EA72B92-B4BA-4A45-91E2-9D47B784431B}.Release|Any CPU.Build.0 = Release|x64
		{7EA72B92-B4BA-4A45-91E2-9D47B784431B}.Release|Any CPU.Deploy.0 = Release|x64
		{7EA72B92-B4BA-4A45-91E2-9D47B784431B}.Release|ARM.ActiveCfg = Release|x64
		{7EA72B92-B4BA-4A45-91E2-9D47B784431B}.Release|ARM.Build.0 = Release|x64
		{7EA72B92-B4BA-4A45-91E2-9D47B784431B}.Release|ARM.Deploy.0 = Release|x64
		{7EA72B92-B4BA-4A45-91E2-9D47B784431B}.Release|ARM64.ActiveCfg = Release|ARM64
		{7EA72B92-B4BA-4A45-91E2-9D47B784431B}.Release|ARM64.Build.0 = Release|ARM64
		{7EA72B92-B4BA-4A45-91E2-9D47B784431B}.Release|ARM64.Deploy.0 = Release|ARM64
		{7EA72B92-B4BA-4A45-91E2-9D47B784431B}.Release|x64.ActiveCfg = Release|x64
		{7EA72B92-B4BA-4A45-91E2-9D47B784431B}.Release|x64.Build.0 = Release|x64
		{7EA72B92-B4BA-4A45-91E2-9D47B784431B}.Release|x64.Deploy.0 = Release|x64
		{7EA72B92-B4BA-4A45-91E2-9D47B784431B}.Release|x86.ActiveCfg = Release|x86
		{7EA72B92-B4BA-4A45-91E2-9D47B784431B}.Release|x86.Build.0 = Release|x86
		{7EA72B92-B4BA-4A45-91E2-9D47B784431B}.Release|x86.Deploy.0 = Release|x86
	EndGlobalSection
	GlobalSection(SolutionProperties) = preSolution
		HideSolutionNode = FALSE
	EndGlobalSection
	GlobalSection(ExtensibilityGlobals) = postSolution
		SolutionGuid = {689D168A-1777-43F8-8069-79515670B16A}
	EndGlobalSection
EndGlobal
